// !$*UTF8*$!
{
	archiveVersion = 1;
	classes = {
	};
	objectVersion = 46;
	objects = {

/* Begin PBXBuildFile section */
		9CE64A1C1CBA30430087C608 /* AppDelegate.swift in Sources */ = {isa = PBXBuildFile; fileRef = 9CE64A1B1CBA30430087C608 /* AppDelegate.swift */; };
		9CE64A1E1CBA30430087C608 /* ViewController.swift in Sources */ = {isa = PBXBuildFile; fileRef = 9CE64A1D1CBA30430087C608 /* ViewController.swift */; };
		9CE64A211CBA30430087C608 /* Main.storyboard in Resources */ = {isa = PBXBuildFile; fileRef = 9CE64A1F1CBA30430087C608 /* Main.storyboard */; };
		9CE64A231CBA30430087C608 /* Assets.xcassets in Resources */ = {isa = PBXBuildFile; fileRef = 9CE64A221CBA30430087C608 /* Assets.xcassets */; };
		9CE64A261CBA30430087C608 /* LaunchScreen.storyboard in Resources */ = {isa = PBXBuildFile; fileRef = 9CE64A241CBA30430087C608 /* LaunchScreen.storyboard */; };
/* End PBXBuildFile section */

/* Begin PBXFileReference section */
		9CE64A181CBA30430087C608 /* RpgOOP.app */ = {isa = PBXFileReference; explicitFileType = wrapper.application; includeInIndex = 0; path = RpgOOP.app; sourceTree = BUILT_PRODUCTS_DIR; };
		9CE64A1B1CBA30430087C608 /* AppDelegate.swift */ = {isa = PBXFileReference; lastKnownFileType = sourcecode.swift; path = AppDelegate.swift; sourceTree = "<group>"; };
		9CE64A1D1CBA30430087C608 /* ViewController.swift */ = {isa = PBXFileReference; lastKnownFileType = sourcecode.swift; path = ViewController.swift; sourceTree = "<group>"; };
		9CE64A201CBA30430087C608 /* Base */ = {isa = PBXFileReference; lastKnownFileType = file.storyboard; name = Base; path = Base.lproj/Main.storyboard; sourceTree = "<group>"; };
		9CE64A221CBA30430087C608 /* Assets.xcassets */ = {isa = PBXFileReference; lastKnownFileType = folder.assetcatalog; path = Assets.xcassets; sourceTree = "<group>"; };
		9CE64A251CBA30430087C608 /* Base */ = {isa = PBXFileReference; lastKnownFileType = file.storyboard; name = Base; path = Base.lproj/LaunchScreen.storyboard; sourceTree = "<group>"; };
		9CE64A271CBA30430087C608 /* Info.plist */ = {isa = PBXFileReference; lastKnownFileType = text.plist.xml; path = Info.plist; sourceTree = "<group>"; };
/* End PBXFileReference section */

/* Begin PBXFrameworksBuildPhase section */
		9CE64A151CBA30430087C608 /* Frameworks */ = {
			isa = PBXFrameworksBuildPhase;
			buildActionMask = 2147483647;
			files = (
			);
			runOnlyForDeploymentPostprocessing = 0;
		};
/* End PBXFrameworksBuildPhase section */

/* Begin PBXGroup section */
		9CE64A0F1CBA30430087C608 = {
			isa = PBXGroup;
			children = (
				9CE64A1A1CBA30430087C608 /* RpgOOP */,
				9CE64A191CBA30430087C608 /* Products */,
			);
			sourceTree = "<group>";
		};
		9CE64A191CBA30430087C608 /* Products */ = {
			isa = PBXGroup;
			children = (
				9CE64A181CBA30430087C608 /* RpgOOP.app */,
			);
			name = Products;
			sourceTree = "<group>";
		};
		9CE64A1A1CBA30430087C608 /* RpgOOP */ = {
			isa = PBXGroup;
			children = (
				9CE64A1B1CBA30430087C608 /* AppDelegate.swift */,
				9CE64A1D1CBA30430087C608 /* ViewController.swift */,
				9CE64A1F1CBA30430087C608 /* Main.storyboard */,
				9CE64A221CBA30430087C608 /* Assets.xcassets */,
				9CE64A241CBA30430087C608 /* LaunchScreen.storyboard */,
				9CE64A271CBA30430087C608 /* Info.plist */,
			);
			path = RpgOOP;
			sourceTree = "<group>";
		};
/* End PBXGroup section */

/* Begin PBXNativeTarget section */
		9CE64A171CBA30430087C608 /* RpgOOP */ = {
			isa = PBXNativeTarget;
			buildConfigurationList = 9CE64A2A1CBA30430087C608 /* Build configuration list for PBXNativeTarget "RpgOOP" */;
			buildPhases = (
				9CE64A141CBA30430087C608 /* Sources */,
				9CE64A151CBA30430087C608 /* Frameworks */,
				9CE64A161CBA30430087C608 /* Resources */,
			);
			buildRules = (
			);
			dependencies = (
			);
			name = RpgOOP;
			productName = RpgOOP;
			productReference = 9CE64A181CBA30430087C608 /* RpgOOP.app */;
			productType = "com.apple.product-type.application";
		};
/* End PBXNativeTarget section */

/* Begin PBXProject section */
		9CE64A101CBA30430087C608 /* Project object */ = {
			isa = PBXProject;
			attributes = {
				LastSwiftUpdateCheck = 0730;
				LastUpgradeCheck = 0730;
				ORGANIZATIONNAME = "Clown Baby Software";
				TargetAttributes = {
					9CE64A171CBA30430087C608 = {
						CreatedOnToolsVersion = 7.3;
						DevelopmentTeam = 24LV994AJU;
					};
				};
			};
			buildConfigurationList = 9CE64A131CBA30430087C608 /* Build configuration list for PBXProject "RpgOOP" */;
			compatibilityVersion = "Xcode 3.2";
			developmentRegion = English;
			hasScannedForEncodings = 0;
			knownRegions = (
				en,
				Base,
			);
			mainGroup = 9CE64A0F1CBA30430087C608;
			productRefGroup = 9CE64A191CBA30430087C608 /* Products */;
			projectDirPath = "";
			projectRoot = "";
			targets = (
				9CE64A171CBA30430087C608 /* RpgOOP */,
			);
		};
/* End PBXProject section */

/* Begin PBXResourcesBuildPhase section */
		9CE64A161CBA30430087C608 /* Resources */ = {
			isa = PBXResourcesBuildPhase;
			buildActionMask = 2147483647;
			files = (
				9CE64A261CBA30430087C608 /* LaunchScreen.storyboard in Resources */,
				9CE64A231CBA30430087C608 /* Assets.xcassets in Resources */,
				9CE64A211CBA30430087C608 /* Main.storyboard in Resources */,
			);
			runOnlyForDeploymentPostprocessing = 0;
		};
/* End PBXResourcesBuildPhase section */

/* Begin PBXSourcesBuildPhase section */
		9CE64A141CBA30430087C608 /* Sources */ = {
			isa = PBXSourcesBuildPhase;
			buildActionMask = 2147483647;
			files = (
				9CE64A1E1CBA30430087C608 /* ViewController.swift in Sources */,
				9CE64A1C1CBA30430087C608 /* AppDelegate.swift in Sources */,
			);
			runOnlyForDeploymentPostprocessing = 0;
		};
/* End PBXSourcesBuildPhase section */

/* Begin PBXVariantGroup section */
		9CE64A1F1CBA30430087C608 /* Main.storyboard */ = {
			isa = PBXVariantGroup;
			children = (
				9CE64A201CBA30430087C608 /* Base */,
			);
			name = Main.storyboard;
			sourceTree = "<group>";
		};
		9CE64A241CBA30430087C608 /* LaunchScreen.storyboard */ = {
			isa = PBXVariantGroup;
			children = (
				9CE64A251CBA30430087C608 /* Base */,
			);
			name = LaunchScreen.storyboard;
			sourceTree = "<group>";
		};
/* End PBXVariantGroup section */

/* Begin XCBuildConfiguration section */
		9CE64A281CBA30430087C608 /* Debug */ = {
			isa = XCBuildConfiguration;
			buildSettings = {
				ALWAYS_SEARCH_USER_PATHS = NO;
				CLANG_ANALYZER_NONNULL = YES;
				CLANG_CXX_LANGUAGE_STANDARD = "gnu++0x";
				CLANG_CXX_LIBRARY = "libc++";
				CLANG_ENABLE_MODULES = YES;
				CLANG_ENABLE_OBJC_ARC = YES;
				CLANG_WARN_BOOL_CONVERSION = YES;
				CLANG_WARN_CONSTANT_CONVERSION = YES;
				CLANG_WARN_DIRECT_OBJC_ISA_USAGE = YES_ERROR;
				CLANG_WARN_EMPTY_BODY = YES;
				CLANG_WARN_ENUM_CONVERSION = YES;
				CLANG_WARN_INT_CONVERSION = YES;
				CLANG_WARN_OBJC_ROOT_CLASS = YES_ERROR;
				CLANG_WARN_UNREACHABLE_CODE = YES;
				CLANG_WARN__DUPLICATE_METHOD_MATCH = YES;
				"CODE_SIGN_IDENTITY[sdk=iphoneos*]" = "iPhone Developer";
				COPY_PHASE_STRIP = NO;
				DEBUG_INFORMATION_FORMAT = dwarf;
				ENABLE_STRICT_OBJC_MSGSEND = YES;
				ENABLE_TESTABILITY = YES;
				GCC_C_LANGUAGE_STANDARD = gnu99;
				GCC_DYNAMIC_NO_PIC = NO;
				GCC_NO_COMMON_BLOCKS = YES;
				GCC_OPTIMIZATION_LEVEL = 0;
				GCC_PREPROCESSOR_DEFINITIONS = (
					"DEBUG=1",
					"$(inherited)",
				);
				GCC_WARN_64_TO_32_BIT_CONVERSION = YES;
				GCC_WARN_ABOUT_RETURN_TYPE = YES_ERROR;
				GCC_WARN_UNDECLARED_SELECTOR = YES;
				GCC_WARN_UNINITIALIZED_AUTOS = YES_AGGRESSIVE;
				GCC_WARN_UNUSED_FUNCTION = YES;
				GCC_WARN_UNUSED_VARIABLE = YES;
				IPHONEOS_DEPLOYMENT_TARGET = 9.3;
				MTL_ENABLE_DEBUG_INFO = YES;
				ONLY_ACTIVE_ARCH = YES;
				SDKROOT = iphoneos;
				SWIFT_OPTIMIZATION_LEVEL = "-Onone";
				TARGETED_DEVICE_FAMILY = "1,2";
			};
			name = Debug;
		};
		9CE64A291CBA30430087C608 /* Release */ = {
			isa = XCBuildConfiguration;
			buildSettings = {
				ALWAYS_SEARCH_USER_PATHS = NO;
				CLANG_ANALYZER_NONNULL = YES;
				CLANG_CXX_LANGUAGE_STANDARD = "gnu++0x";
				CLANG_CXX_LIBRARY = "libc++";
				CLANG_ENABLE_MODULES = YES;
				CLANG_ENABLE_OBJC_ARC = YES;
				CLANG_WARN_BOOL_CONVERSION = YES;
				CLANG_WARN_CONSTANT_CONVERSION = YES;
				CLANG_WARN_DIRECT_OBJC_ISA_USAGE = YES_ERROR;
				CLANG_WARN_EMPTY_BODY = YES;
				CLANG_WARN_ENUM_CONVERSION = YES;
				CLANG_WARN_INT_CONVERSION = YES;
				CLANG_WARN_OBJC_ROOT_CLASS = YES_ERROR;
				CLANG_WARN_UNREACHABLE_CODE = YES;
				CLANG_WARN__DUPLICATE_METHOD_MATCH = YES;
				"CODE_SIGN_IDENTITY[sdk=iphoneos*]" = "iPhone Developer";
				COPY_PHASE_STRIP = NO;
				DEBUG_INFORMATION_FORMAT = "dwarf-with-dsym";
				ENABLE_NS_ASSERTIONS = NO;
				ENABLE_STRICT_OBJC_MSGSEND = YES;
				GCC_C_LANGUAGE_STANDARD = gnu99;
				GCC_NO_COMMON_BLOCKS = YES;
				GCC_WARN_64_TO_32_BIT_CONVERSION = YES;
				GCC_WARN_ABOUT_RETURN_TYPE = YES_ERROR;
				GCC_WARN_UNDECLARED_SELECTOR = YES;
				GCC_WARN_UNINITIALIZED_AUTOS = YES_AGGRESSIVE;
				GCC_WARN_UNUSED_FUNCTION = YES;
				GCC_WARN_UNUSED_VARIABLE = YES;
				IPHONEOS_DEPLOYMENT_TARGET = 9.3;
				MTL_ENABLE_DEBUG_INFO = NO;
				SDKROOT = iphoneos;
				TARGETED_DEVICE_FAMILY = "1,2";
				VALIDATE_PRODUCT = YES;
			};
			name = Release;
		};
		9CE64A2B1CBA30430087C608 /* Debug */ = {
			isa = XCBuildConfiguration;
			buildSettings = {
				ASSETCATALOG_COMPILER_APPICON_NAME = AppIcon;
				INFOPLIST_FILE = RpgOOP/Info.plist;
				LD_RUNPATH_SEARCH_PATHS = "$(inherited) @executable_path/Frameworks";
				PRODUCT_BUNDLE_IDENTIFIER = com.ClownBaby.RpgOOP;
				PRODUCT_NAME = "$(TARGET_NAME)";
			};
			name = Debug;
		};
		9CE64A2C1CBA30430087C608 /* Release */ = {
			isa = XCBuildConfiguration;
			buildSettings = {
				ASSETCATALOG_COMPILER_APPICON_NAME = AppIcon;
				INFOPLIST_FILE = RpgOOP/Info.plist;
				LD_RUNPATH_SEARCH_PATHS = "$(inherited) @executable_path/Frameworks";
				PRODUCT_BUNDLE_IDENTIFIER = com.ClownBaby.RpgOOP;
				PRODUCT_NAME = "$(TARGET_NAME)";
			};
			name = Release;
		};
/* End XCBuildConfiguration section */

/* Begin XCConfigurationList section */
		9CE64A131CBA30430087C608 /* Build configuration list for PBXProject "RpgOOP" */ = {
			isa = XCConfigurationList;
			buildConfigurations = (
				9CE64A281CBA30430087C608 /* Debug */,
				9CE64A291CBA30430087C608 /* Release */,
			);
			defaultConfigurationIsVisible = 0;
			defaultConfigurationName = Release;
		};
		9CE64A2A1CBA30430087C608 /* Build configuration list for PBXNativeTarget "RpgOOP" */ = {
			isa = XCConfigurationList;
			buildConfigurations = (
				9CE64A2B1CBA30430087C608 /* Debug */,
				9CE64A2C1CBA30430087C608 /* Release */,
			);
			defaultConfigurationIsVisible = 0;
		};
/* End XCConfigurationList section */
	};
	rootObject = 9CE64A101CBA30430087C608 /* Project object */;
}
